// !$*UTF8*$!
{
	archiveVersion = 1;
	classes = {
	};
	objectVersion = 50;
	objects = {

/* Begin PBXBuildFile section */
		AC0E728626CA2C97009756A5 /* uitest.swift in Sources */ = {isa = PBXBuildFile; fileRef = AC0E728526CA2C97009756A5 /* uitest.swift */; };
		AC95D19326C4E32D0088D151 /* AppDelegate.swift in Sources */ = {isa = PBXBuildFile; fileRef = AC95D19226C4E32D0088D151 /* AppDelegate.swift */; };
		AC95D19526C4E32D0088D151 /* SceneDelegate.swift in Sources */ = {isa = PBXBuildFile; fileRef = AC95D19426C4E32D0088D151 /* SceneDelegate.swift */; };
		AC95D19726C4E32D0088D151 /* ViewController.swift in Sources */ = {isa = PBXBuildFile; fileRef = AC95D19626C4E32D0088D151 /* ViewController.swift */; };
		AC95D19A26C4E32D0088D151 /* Main.storyboard in Resources */ = {isa = PBXBuildFile; fileRef = AC95D19826C4E32D0088D151 /* Main.storyboard */; };
		AC95D19C26C4E3320088D151 /* Assets.xcassets in Resources */ = {isa = PBXBuildFile; fileRef = AC95D19B26C4E3320088D151 /* Assets.xcassets */; };
		AC95D19F26C4E3320088D151 /* LaunchScreen.storyboard in Resources */ = {isa = PBXBuildFile; fileRef = AC95D19D26C4E3320088D151 /* LaunchScreen.storyboard */; };
		AC95D1AA26C4E3330088D151 /* UnitTestingExerciseTests.swift in Sources */ = {isa = PBXBuildFile; fileRef = AC95D1A926C4E3330088D151 /* UnitTestingExerciseTests.swift */; };
		AC95D1B526C4E3330088D151 /* UnitTestingExerciseUITests.swift in Sources */ = {isa = PBXBuildFile; fileRef = AC95D1B426C4E3330088D151 /* UnitTestingExerciseUITests.swift */; };
		AC95D1C326C4E3AD0088D151 /* AgeClassifier.swift in Sources */ = {isa = PBXBuildFile; fileRef = AC95D1C226C4E3AD0088D151 /* AgeClassifier.swift */; };
		AC95D1C626C4EA6F0088D151 /* AgeClassifierTest.swift in Sources */ = {isa = PBXBuildFile; fileRef = AC95D1C426C4E6590088D151 /* AgeClassifierTest.swift */; };
		AC95D1D526C4F29C0088D151 /* ClassifierKit.framework in Frameworks */ = {isa = PBXBuildFile; fileRef = AC95D1CC26C4F29C0088D151 /* ClassifierKit.framework */; };
		AC95D1DC26C4F29C0088D151 /* ClassifierKitTests.swift in Sources */ = {isa = PBXBuildFile; fileRef = AC95D1DB26C4F29C0088D151 /* ClassifierKitTests.swift */; };
		AC95D1DE26C4F29C0088D151 /* ClassifierKit.h in Headers */ = {isa = PBXBuildFile; fileRef = AC95D1CE26C4F29C0088D151 /* ClassifierKit.h */; settings = {ATTRIBUTES = (Public, ); }; };
		AC95D1E126C4F29C0088D151 /* ClassifierKit.framework in Frameworks */ = {isa = PBXBuildFile; fileRef = AC95D1CC26C4F29C0088D151 /* ClassifierKit.framework */; };
		AC95D1E226C4F29C0088D151 /* ClassifierKit.framework in Embed Frameworks */ = {isa = PBXBuildFile; fileRef = AC95D1CC26C4F29C0088D151 /* ClassifierKit.framework */; settings = {ATTRIBUTES = (CodeSignOnCopy, RemoveHeadersOnCopy, ); }; };
/* End PBXBuildFile section */

/* Begin PBXContainerItemProxy section */
		AC95D1A626C4E3330088D151 /* PBXContainerItemProxy */ = {
			isa = PBXContainerItemProxy;
			containerPortal = AC95D18726C4E32D0088D151 /* Project object */;
			proxyType = 1;
			remoteGlobalIDString = AC95D18E26C4E32D0088D151;
			remoteInfo = UnitTestingExercise;
		};
		AC95D1B126C4E3330088D151 /* PBXContainerItemProxy */ = {
			isa = PBXContainerItemProxy;
			containerPortal = AC95D18726C4E32D0088D151 /* Project object */;
			proxyType = 1;
			remoteGlobalIDString = AC95D18E26C4E32D0088D151;
			remoteInfo = UnitTestingExercise;
		};
		AC95D1D626C4F29C0088D151 /* PBXContainerItemProxy */ = {
			isa = PBXContainerItemProxy;
			containerPortal = AC95D18726C4E32D0088D151 /* Project object */;
			proxyType = 1;
			remoteGlobalIDString = AC95D1CB26C4F29C0088D151;
			remoteInfo = ClassifierKit;
		};
		AC95D1D826C4F29C0088D151 /* PBXContainerItemProxy */ = {
			isa = PBXContainerItemProxy;
			containerPortal = AC95D18726C4E32D0088D151 /* Project object */;
			proxyType = 1;
			remoteGlobalIDString = AC95D18E26C4E32D0088D151;
			remoteInfo = UnitTestingExercise;
		};
		AC95D1DF26C4F29C0088D151 /* PBXContainerItemProxy */ = {
			isa = PBXContainerItemProxy;
			containerPortal = AC95D18726C4E32D0088D151 /* Project object */;
			proxyType = 1;
			remoteGlobalIDString = AC95D1CB26C4F29C0088D151;
			remoteInfo = ClassifierKit;
		};
/* End PBXContainerItemProxy section */

/* Begin PBXCopyFilesBuildPhase section */
		AC95D1E626C4F29D0088D151 /* Embed Frameworks */ = {
			isa = PBXCopyFilesBuildPhase;
			buildActionMask = 2147483647;
			dstPath = "";
			dstSubfolderSpec = 10;
			files = (
				AC95D1E226C4F29C0088D151 /* ClassifierKit.framework in Embed Frameworks */,
			);
			name = "Embed Frameworks";
			runOnlyForDeploymentPostprocessing = 0;
		};
/* End PBXCopyFilesBuildPhase section */

/* Begin PBXFileReference section */
		AC0E728526CA2C97009756A5 /* uitest.swift */ = {isa = PBXFileReference; lastKnownFileType = sourcecode.swift; path = uitest.swift; sourceTree = "<group>"; };
		AC95D18F26C4E32D0088D151 /* UnitTestingExercise.app */ = {isa = PBXFileReference; explicitFileType = wrapper.application; includeInIndex = 0; path = UnitTestingExercise.app; sourceTree = BUILT_PRODUCTS_DIR; };
		AC95D19226C4E32D0088D151 /* AppDelegate.swift */ = {isa = PBXFileReference; lastKnownFileType = sourcecode.swift; path = AppDelegate.swift; sourceTree = "<group>"; };
		AC95D19426C4E32D0088D151 /* SceneDelegate.swift */ = {isa = PBXFileReference; lastKnownFileType = sourcecode.swift; path = SceneDelegate.swift; sourceTree = "<group>"; };
		AC95D19626C4E32D0088D151 /* ViewController.swift */ = {isa = PBXFileReference; lastKnownFileType = sourcecode.swift; path = ViewController.swift; sourceTree = "<group>"; };
		AC95D19926C4E32D0088D151 /* Base */ = {isa = PBXFileReference; lastKnownFileType = file.storyboard; name = Base; path = Base.lproj/Main.storyboard; sourceTree = "<group>"; };
		AC95D19B26C4E3320088D151 /* Assets.xcassets */ = {isa = PBXFileReference; lastKnownFileType = folder.assetcatalog; path = Assets.xcassets; sourceTree = "<group>"; };
		AC95D19E26C4E3320088D151 /* Base */ = {isa = PBXFileReference; lastKnownFileType = file.storyboard; name = Base; path = Base.lproj/LaunchScreen.storyboard; sourceTree = "<group>"; };
		AC95D1A026C4E3320088D151 /* Info.plist */ = {isa = PBXFileReference; lastKnownFileType = text.plist.xml; path = Info.plist; sourceTree = "<group>"; };
		AC95D1A526C4E3330088D151 /* UnitTestingExerciseTests.xctest */ = {isa = PBXFileReference; explicitFileType = wrapper.cfbundle; includeInIndex = 0; path = UnitTestingExerciseTests.xctest; sourceTree = BUILT_PRODUCTS_DIR; };
		AC95D1A926C4E3330088D151 /* UnitTestingExerciseTests.swift */ = {isa = PBXFileReference; lastKnownFileType = sourcecode.swift; path = UnitTestingExerciseTests.swift; sourceTree = "<group>"; };
		AC95D1AB26C4E3330088D151 /* Info.plist */ = {isa = PBXFileReference; lastKnownFileType = text.plist.xml; path = Info.plist; sourceTree = "<group>"; };
		AC95D1B026C4E3330088D151 /* UnitTestingExerciseUITests.xctest */ = {isa = PBXFileReference; explicitFileType = wrapper.cfbundle; includeInIndex = 0; path = UnitTestingExerciseUITests.xctest; sourceTree = BUILT_PRODUCTS_DIR; };
		AC95D1B426C4E3330088D151 /* UnitTestingExerciseUITests.swift */ = {isa = PBXFileReference; lastKnownFileType = sourcecode.swift; path = UnitTestingExerciseUITests.swift; sourceTree = "<group>"; };
		AC95D1B626C4E3330088D151 /* Info.plist */ = {isa = PBXFileReference; lastKnownFileType = text.plist.xml; path = Info.plist; sourceTree = "<group>"; };
		AC95D1C226C4E3AD0088D151 /* AgeClassifier.swift */ = {isa = PBXFileReference; lastKnownFileType = sourcecode.swift; path = AgeClassifier.swift; sourceTree = "<group>"; };
		AC95D1C426C4E6590088D151 /* AgeClassifierTest.swift */ = {isa = PBXFileReference; lastKnownFileType = sourcecode.swift; path = AgeClassifierTest.swift; sourceTree = "<group>"; };
		AC95D1CC26C4F29C0088D151 /* ClassifierKit.framework */ = {isa = PBXFileReference; explicitFileType = wrapper.framework; includeInIndex = 0; path = ClassifierKit.framework; sourceTree = BUILT_PRODUCTS_DIR; };
		AC95D1CE26C4F29C0088D151 /* ClassifierKit.h */ = {isa = PBXFileReference; lastKnownFileType = sourcecode.c.h; path = ClassifierKit.h; sourceTree = "<group>"; };
		AC95D1CF26C4F29C0088D151 /* Info.plist */ = {isa = PBXFileReference; lastKnownFileType = text.plist.xml; path = Info.plist; sourceTree = "<group>"; };
		AC95D1D426C4F29C0088D151 /* ClassifierKitTests.xctest */ = {isa = PBXFileReference; explicitFileType = wrapper.cfbundle; includeInIndex = 0; path = ClassifierKitTests.xctest; sourceTree = BUILT_PRODUCTS_DIR; };
		AC95D1DB26C4F29C0088D151 /* ClassifierKitTests.swift */ = {isa = PBXFileReference; lastKnownFileType = sourcecode.swift; path = ClassifierKitTests.swift; sourceTree = "<group>"; };
		AC95D1DD26C4F29C0088D151 /* Info.plist */ = {isa = PBXFileReference; lastKnownFileType = text.plist.xml; path = Info.plist; sourceTree = "<group>"; };
/* End PBXFileReference section */

/* Begin PBXFrameworksBuildPhase section */
		AC95D18C26C4E32D0088D151 /* Frameworks */ = {
			isa = PBXFrameworksBuildPhase;
			buildActionMask = 2147483647;
			files = (
				AC95D1E126C4F29C0088D151 /* ClassifierKit.framework in Frameworks */,
			);
			runOnlyForDeploymentPostprocessing = 0;
		};
		AC95D1A226C4E3330088D151 /* Frameworks */ = {
			isa = PBXFrameworksBuildPhase;
			buildActionMask = 2147483647;
			files = (
			);
			runOnlyForDeploymentPostprocessing = 0;
		};
		AC95D1AD26C4E3330088D151 /* Frameworks */ = {
			isa = PBXFrameworksBuildPhase;
			buildActionMask = 2147483647;
			files = (
			);
			runOnlyForDeploymentPostprocessing = 0;
		};
		AC95D1C926C4F29C0088D151 /* Frameworks */ = {
			isa = PBXFrameworksBuildPhase;
			buildActionMask = 2147483647;
			files = (
			);
			runOnlyForDeploymentPostprocessing = 0;
		};
		AC95D1D126C4F29C0088D151 /* Frameworks */ = {
			isa = PBXFrameworksBuildPhase;
			buildActionMask = 2147483647;
			files = (
				AC95D1D526C4F29C0088D151 /* ClassifierKit.framework in Frameworks */,
			);
			runOnlyForDeploymentPostprocessing = 0;
		};
/* End PBXFrameworksBuildPhase section */

/* Begin PBXGroup section */
		AC95D18626C4E32D0088D151 = {
			isa = PBXGroup;
			children = (
				AC95D19126C4E32D0088D151 /* UnitTestingExercise */,
				AC95D1A826C4E3330088D151 /* UnitTestingExerciseTests */,
				AC95D1B326C4E3330088D151 /* UnitTestingExerciseUITests */,
				AC95D1CD26C4F29C0088D151 /* ClassifierKit */,
				AC95D1DA26C4F29C0088D151 /* ClassifierKitTests */,
				AC95D19026C4E32D0088D151 /* Products */,
			);
			sourceTree = "<group>";
		};
		AC95D19026C4E32D0088D151 /* Products */ = {
			isa = PBXGroup;
			children = (
				AC95D18F26C4E32D0088D151 /* UnitTestingExercise.app */,
				AC95D1A526C4E3330088D151 /* UnitTestingExerciseTests.xctest */,
				AC95D1B026C4E3330088D151 /* UnitTestingExerciseUITests.xctest */,
				AC95D1CC26C4F29C0088D151 /* ClassifierKit.framework */,
				AC95D1D426C4F29C0088D151 /* ClassifierKitTests.xctest */,
			);
			name = Products;
			sourceTree = "<group>";
		};
		AC95D19126C4E32D0088D151 /* UnitTestingExercise */ = {
			isa = PBXGroup;
			children = (
				AC95D1C226C4E3AD0088D151 /* AgeClassifier.swift */,
				AC95D19226C4E32D0088D151 /* AppDelegate.swift */,
				AC95D19426C4E32D0088D151 /* SceneDelegate.swift */,
				AC95D19626C4E32D0088D151 /* ViewController.swift */,
				AC95D19826C4E32D0088D151 /* Main.storyboard */,
				AC95D19B26C4E3320088D151 /* Assets.xcassets */,
				AC95D19D26C4E3320088D151 /* LaunchScreen.storyboard */,
				AC0E728526CA2C97009756A5 /* uitest.swift */,
				AC95D1A026C4E3320088D151 /* Info.plist */,
			);
			path = UnitTestingExercise;
			sourceTree = "<group>";
		};
		AC95D1A826C4E3330088D151 /* UnitTestingExerciseTests */ = {
			isa = PBXGroup;
			children = (
				AC95D1C426C4E6590088D151 /* AgeClassifierTest.swift */,
				AC95D1A926C4E3330088D151 /* UnitTestingExerciseTests.swift */,
				AC95D1AB26C4E3330088D151 /* Info.plist */,
			);
			path = UnitTestingExerciseTests;
			sourceTree = "<group>";
		};
		AC95D1B326C4E3330088D151 /* UnitTestingExerciseUITests */ = {
			isa = PBXGroup;
			children = (
				AC95D1B426C4E3330088D151 /* UnitTestingExerciseUITests.swift */,
				AC95D1B626C4E3330088D151 /* Info.plist */,
			);
			path = UnitTestingExerciseUITests;
			sourceTree = "<group>";
		};
		AC95D1CD26C4F29C0088D151 /* ClassifierKit */ = {
			isa = PBXGroup;
			children = (
				AC95D1CE26C4F29C0088D151 /* ClassifierKit.h */,
				AC95D1CF26C4F29C0088D151 /* Info.plist */,
			);
			path = ClassifierKit;
			sourceTree = "<group>";
		};
		AC95D1DA26C4F29C0088D151 /* ClassifierKitTests */ = {
			isa = PBXGroup;
			children = (
				AC95D1DB26C4F29C0088D151 /* ClassifierKitTests.swift */,
				AC95D1DD26C4F29C0088D151 /* Info.plist */,
			);
			path = ClassifierKitTests;
			sourceTree = "<group>";
		};
/* End PBXGroup section */

/* Begin PBXHeadersBuildPhase section */
		AC95D1C726C4F29C0088D151 /* Headers */ = {
			isa = PBXHeadersBuildPhase;
			buildActionMask = 2147483647;
			files = (
				AC95D1DE26C4F29C0088D151 /* ClassifierKit.h in Headers */,
			);
			runOnlyForDeploymentPostprocessing = 0;
		};
/* End PBXHeadersBuildPhase section */

/* Begin PBXNativeTarget section */
		AC95D18E26C4E32D0088D151 /* UnitTestingExercise */ = {
			isa = PBXNativeTarget;
			buildConfigurationList = AC95D1B926C4E3330088D151 /* Build configuration list for PBXNativeTarget "UnitTestingExercise" */;
			buildPhases = (
				AC95D18B26C4E32D0088D151 /* Sources */,
				AC95D18C26C4E32D0088D151 /* Frameworks */,
				AC95D18D26C4E32D0088D151 /* Resources */,
				AC95D1E626C4F29D0088D151 /* Embed Frameworks */,
			);
			buildRules = (
			);
			dependencies = (
				AC95D1E026C4F29C0088D151 /* PBXTargetDependency */,
			);
			name = UnitTestingExercise;
			productName = UnitTestingExercise;
			productReference = AC95D18F26C4E32D0088D151 /* UnitTestingExercise.app */;
			productType = "com.apple.product-type.application";
		};
		AC95D1A426C4E3330088D151 /* UnitTestingExerciseTests */ = {
			isa = PBXNativeTarget;
			buildConfigurationList = AC95D1BC26C4E3330088D151 /* Build configuration list for PBXNativeTarget "UnitTestingExerciseTests" */;
			buildPhases = (
				AC95D1A126C4E3330088D151 /* Sources */,
				AC95D1A226C4E3330088D151 /* Frameworks */,
				AC95D1A326C4E3330088D151 /* Resources */,
			);
			buildRules = (
			);
			dependencies = (
				AC95D1A726C4E3330088D151 /* PBXTargetDependency */,
			);
			name = UnitTestingExerciseTests;
			productName = UnitTestingExerciseTests;
			productReference = AC95D1A526C4E3330088D151 /* UnitTestingExerciseTests.xctest */;
			productType = "com.apple.product-type.bundle.unit-test";
		};
		AC95D1AF26C4E3330088D151 /* UnitTestingExerciseUITests */ = {
			isa = PBXNativeTarget;
			buildConfigurationList = AC95D1BF26C4E3330088D151 /* Build configuration list for PBXNativeTarget "UnitTestingExerciseUITests" */;
			buildPhases = (
				AC95D1AC26C4E3330088D151 /* Sources */,
				AC95D1AD26C4E3330088D151 /* Frameworks */,
				AC95D1AE26C4E3330088D151 /* Resources */,
			);
			buildRules = (
			);
			dependencies = (
				AC95D1B226C4E3330088D151 /* PBXTargetDependency */,
			);
			name = UnitTestingExerciseUITests;
			productName = UnitTestingExerciseUITests;
			productReference = AC95D1B026C4E3330088D151 /* UnitTestingExerciseUITests.xctest */;
			productType = "com.apple.product-type.bundle.ui-testing";
		};
		AC95D1CB26C4F29C0088D151 /* ClassifierKit */ = {
			isa = PBXNativeTarget;
			buildConfigurationList = AC95D1E326C4F29D0088D151 /* Build configuration list for PBXNativeTarget "ClassifierKit" */;
			buildPhases = (
				AC95D1C726C4F29C0088D151 /* Headers */,
				AC95D1C826C4F29C0088D151 /* Sources */,
				AC95D1C926C4F29C0088D151 /* Frameworks */,
				AC95D1CA26C4F29C0088D151 /* Resources */,
			);
			buildRules = (
			);
			dependencies = (
			);
			name = ClassifierKit;
			productName = ClassifierKit;
			productReference = AC95D1CC26C4F29C0088D151 /* ClassifierKit.framework */;
			productType = "com.apple.product-type.framework";
		};
		AC95D1D326C4F29C0088D151 /* ClassifierKitTests */ = {
			isa = PBXNativeTarget;
			buildConfigurationList = AC95D1E726C4F29D0088D151 /* Build configuration list for PBXNativeTarget "ClassifierKitTests" */;
			buildPhases = (
				AC95D1D026C4F29C0088D151 /* Sources */,
				AC95D1D126C4F29C0088D151 /* Frameworks */,
				AC95D1D226C4F29C0088D151 /* Resources */,
			);
			buildRules = (
			);
			dependencies = (
				AC95D1D726C4F29C0088D151 /* PBXTargetDependency */,
				AC95D1D926C4F29C0088D151 /* PBXTargetDependency */,
			);
			name = ClassifierKitTests;
			productName = ClassifierKitTests;
			productReference = AC95D1D426C4F29C0088D151 /* ClassifierKitTests.xctest */;
			productType = "com.apple.product-type.bundle.unit-test";
		};
/* End PBXNativeTarget section */

/* Begin PBXProject section */
		AC95D18726C4E32D0088D151 /* Project object */ = {
			isa = PBXProject;
			attributes = {
				LastSwiftUpdateCheck = 1250;
				LastUpgradeCheck = 1250;
				TargetAttributes = {
					AC95D18E26C4E32D0088D151 = {
						CreatedOnToolsVersion = 12.5.1;
					};
					AC95D1A426C4E3330088D151 = {
						CreatedOnToolsVersion = 12.5.1;
						TestTargetID = AC95D18E26C4E32D0088D151;
					};
					AC95D1AF26C4E3330088D151 = {
						CreatedOnToolsVersion = 12.5.1;
						TestTargetID = AC95D18E26C4E32D0088D151;
					};
					AC95D1CB26C4F29C0088D151 = {
						CreatedOnToolsVersion = 12.5.1;
					};
					AC95D1D326C4F29C0088D151 = {
						CreatedOnToolsVersion = 12.5.1;
						TestTargetID = AC95D18E26C4E32D0088D151;
					};
				};
			};
			buildConfigurationList = AC95D18A26C4E32D0088D151 /* Build configuration list for PBXProject "UnitTestingExercise" */;
			compatibilityVersion = "Xcode 9.3";
			developmentRegion = en;
			hasScannedForEncodings = 0;
			knownRegions = (
				en,
				Base,
			);
			mainGroup = AC95D18626C4E32D0088D151;
			productRefGroup = AC95D19026C4E32D0088D151 /* Products */;
			projectDirPath = "";
			projectRoot = "";
			targets = (
				AC95D18E26C4E32D0088D151 /* UnitTestingExercise */,
				AC95D1A426C4E3330088D151 /* UnitTestingExerciseTests */,
				AC95D1AF26C4E3330088D151 /* UnitTestingExerciseUITests */,
				AC95D1CB26C4F29C0088D151 /* ClassifierKit */,
				AC95D1D326C4F29C0088D151 /* ClassifierKitTests */,
			);
		};
/* End PBXProject section */

/* Begin PBXResourcesBuildPhase section */
		AC95D18D26C4E32D0088D151 /* Resources */ = {
			isa = PBXResourcesBuildPhase;
			buildActionMask = 2147483647;
			files = (
				AC95D19F26C4E3320088D151 /* LaunchScreen.storyboard in Resources */,
				AC95D19C26C4E3320088D151 /* Assets.xcassets in Resources */,
				AC95D19A26C4E32D0088D151 /* Main.storyboard in Resources */,
			);
			runOnlyForDeploymentPostprocessing = 0;
		};
		AC95D1A326C4E3330088D151 /* Resources */ = {
			isa = PBXResourcesBuildPhase;
			buildActionMask = 2147483647;
			files = (
			);
			runOnlyForDeploymentPostprocessing = 0;
		};
		AC95D1AE26C4E3330088D151 /* Resources */ = {
			isa = PBXResourcesBuildPhase;
			buildActionMask = 2147483647;
			files = (
			);
			runOnlyForDeploymentPostprocessing = 0;
		};
		AC95D1CA26C4F29C0088D151 /* Resources */ = {
			isa = PBXResourcesBuildPhase;
			buildActionMask = 2147483647;
			files = (
			);
			runOnlyForDeploymentPostprocessing = 0;
		};
		AC95D1D226C4F29C0088D151 /* Resources */ = {
			isa = PBXResourcesBuildPhase;
			buildActionMask = 2147483647;
			files = (
			);
			runOnlyForDeploymentPostprocessing = 0;
		};
/* End PBXResourcesBuildPhase section */

/* Begin PBXSourcesBuildPhase section */
		AC95D18B26C4E32D0088D151 /* Sources */ = {
			isa = PBXSourcesBuildPhase;
			buildActionMask = 2147483647;
			files = (
				AC95D19726C4E32D0088D151 /* ViewController.swift in Sources */,
				AC95D1C326C4E3AD0088D151 /* AgeClassifier.swift in Sources */,
				AC95D19326C4E32D0088D151 /* AppDelegate.swift in Sources */,
				AC95D19526C4E32D0088D151 /* SceneDelegate.swift in Sources */,
			);
			runOnlyForDeploymentPostprocessing = 0;
		};
		AC95D1A126C4E3330088D151 /* Sources */ = {
			isa = PBXSourcesBuildPhase;
			buildActionMask = 2147483647;
			files = (
				AC0E728626CA2C97009756A5 /* uitest.swift in Sources */,
				AC95D1C626C4EA6F0088D151 /* AgeClassifierTest.swift in Sources */,
				AC95D1AA26C4E3330088D151 /* UnitTestingExerciseTests.swift in Sources */,
			);
			runOnlyForDeploymentPostprocessing = 0;
		};
		AC95D1AC26C4E3330088D151 /* Sources */ = {
			isa = PBXSourcesBuildPhase;
			buildActionMask = 2147483647;
			files = (
				AC95D1B526C4E3330088D151 /* UnitTestingExerciseUITests.swift in Sources */,
			);
			runOnlyForDeploymentPostprocessing = 0;
		};
		AC95D1C826C4F29C0088D151 /* Sources */ = {
			isa = PBXSourcesBuildPhase;
			buildActionMask = 2147483647;
			files = (
			);
			runOnlyForDeploymentPostprocessing = 0;
		};
		AC95D1D026C4F29C0088D151 /* Sources */ = {
			isa = PBXSourcesBuildPhase;
			buildActionMask = 2147483647;
			files = (
				AC95D1DC26C4F29C0088D151 /* ClassifierKitTests.swift in Sources */,
			);
			runOnlyForDeploymentPostprocessing = 0;
		};
/* End PBXSourcesBuildPhase section */

/* Begin PBXTargetDependency section */
		AC95D1A726C4E3330088D151 /* PBXTargetDependency */ = {
			isa = PBXTargetDependency;
			target = AC95D18E26C4E32D0088D151 /* UnitTestingExercise */;
			targetProxy = AC95D1A626C4E3330088D151 /* PBXContainerItemProxy */;
		};
		AC95D1B226C4E3330088D151 /* PBXTargetDependency */ = {
			isa = PBXTargetDependency;
			target = AC95D18E26C4E32D0088D151 /* UnitTestingExercise */;
			targetProxy = AC95D1B126C4E3330088D151 /* PBXContainerItemProxy */;
		};
		AC95D1D726C4F29C0088D151 /* PBXTargetDependency */ = {
			isa = PBXTargetDependency;
			target = AC95D1CB26C4F29C0088D151 /* ClassifierKit */;
			targetProxy = AC95D1D626C4F29C0088D151 /* PBXContainerItemProxy */;
		};
		AC95D1D926C4F29C0088D151 /* PBXTargetDependency */ = {
			isa = PBXTargetDependency;
			target = AC95D18E26C4E32D0088D151 /* UnitTestingExercise */;
			targetProxy = AC95D1D826C4F29C0088D151 /* PBXContainerItemProxy */;
		};
		AC95D1E026C4F29C0088D151 /* PBXTargetDependency */ = {
			isa = PBXTargetDependency;
			target = AC95D1CB26C4F29C0088D151 /* ClassifierKit */;
			targetProxy = AC95D1DF26C4F29C0088D151 /* PBXContainerItemProxy */;
		};
/* End PBXTargetDependency section */

/* Begin PBXVariantGroup section */
		AC95D19826C4E32D0088D151 /* Main.storyboard */ = {
			isa = PBXVariantGroup;
			children = (
				AC95D19926C4E32D0088D151 /* Base */,
			);
			name = Main.storyboard;
			sourceTree = "<group>";
		};
		AC95D19D26C4E3320088D151 /* LaunchScreen.storyboard */ = {
			isa = PBXVariantGroup;
			children = (
				AC95D19E26C4E3320088D151 /* Base */,
			);
			name = LaunchScreen.storyboard;
			sourceTree = "<group>";
		};
/* End PBXVariantGroup section */

/* Begin XCBuildConfiguration section */
		AC95D1B726C4E3330088D151 /* Debug */ = {
			isa = XCBuildConfiguration;
			buildSettings = {
				ALWAYS_SEARCH_USER_PATHS = NO;
				CLANG_ANALYZER_NONNULL = YES;
				CLANG_ANALYZER_NUMBER_OBJECT_CONVERSION = YES_AGGRESSIVE;
				CLANG_CXX_LANGUAGE_STANDARD = "gnu++14";
				CLANG_CXX_LIBRARY = "libc++";
				CLANG_ENABLE_MODULES = YES;
				CLANG_ENABLE_OBJC_ARC = YES;
				CLANG_ENABLE_OBJC_WEAK = YES;
				CLANG_WARN_BLOCK_CAPTURE_AUTORELEASING = YES;
				CLANG_WARN_BOOL_CONVERSION = YES;
				CLANG_WARN_COMMA = YES;
				CLANG_WARN_CONSTANT_CONVERSION = YES;
				CLANG_WARN_DEPRECATED_OBJC_IMPLEMENTATIONS = YES;
				CLANG_WARN_DIRECT_OBJC_ISA_USAGE = YES_ERROR;
				CLANG_WARN_DOCUMENTATION_COMMENTS = YES;
				CLANG_WARN_EMPTY_BODY = YES;
				CLANG_WARN_ENUM_CONVERSION = YES;
				CLANG_WARN_INFINITE_RECURSION = YES;
				CLANG_WARN_INT_CONVERSION = YES;
				CLANG_WARN_NON_LITERAL_NULL_CONVERSION = YES;
				CLANG_WARN_OBJC_IMPLICIT_RETAIN_SELF = YES;
				CLANG_WARN_OBJC_LITERAL_CONVERSION = YES;
				CLANG_WARN_OBJC_ROOT_CLASS = YES_ERROR;
				CLANG_WARN_QUOTED_INCLUDE_IN_FRAMEWORK_HEADER = YES;
				CLANG_WARN_RANGE_LOOP_ANALYSIS = YES;
				CLANG_WARN_STRICT_PROTOTYPES = YES;
				CLANG_WARN_SUSPICIOUS_MOVE = YES;
				CLANG_WARN_UNGUARDED_AVAILABILITY = YES_AGGRESSIVE;
				CLANG_WARN_UNREACHABLE_CODE = YES;
				CLANG_WARN__DUPLICATE_METHOD_MATCH = YES;
				COPY_PHASE_STRIP = NO;
				DEBUG_INFORMATION_FORMAT = dwarf;
				ENABLE_STRICT_OBJC_MSGSEND = YES;
				ENABLE_TESTABILITY = YES;
				GCC_C_LANGUAGE_STANDARD = gnu11;
				GCC_DYNAMIC_NO_PIC = NO;
				GCC_NO_COMMON_BLOCKS = YES;
				GCC_OPTIMIZATION_LEVEL = 0;
				GCC_PREPROCESSOR_DEFINITIONS = (
					"DEBUG=1",
					"$(inherited)",
				);
				GCC_WARN_64_TO_32_BIT_CONVERSION = YES;
				GCC_WARN_ABOUT_RETURN_TYPE = YES_ERROR;
				GCC_WARN_UNDECLARED_SELECTOR = YES;
				GCC_WARN_UNINITIALIZED_AUTOS = YES_AGGRESSIVE;
				GCC_WARN_UNUSED_FUNCTION = YES;
				GCC_WARN_UNUSED_VARIABLE = YES;
				IPHONEOS_DEPLOYMENT_TARGET = 14.5;
				MTL_ENABLE_DEBUG_INFO = INCLUDE_SOURCE;
				MTL_FAST_MATH = YES;
				ONLY_ACTIVE_ARCH = YES;
				SDKROOT = iphoneos;
				SWIFT_ACTIVE_COMPILATION_CONDITIONS = DEBUG;
				SWIFT_OPTIMIZATION_LEVEL = "-Onone";
			};
			name = Debug;
		};
		AC95D1B826C4E3330088D151 /* Release */ = {
			isa = XCBuildConfiguration;
			buildSettings = {
				ALWAYS_SEARCH_USER_PATHS = NO;
				CLANG_ANALYZER_NONNULL = YES;
				CLANG_ANALYZER_NUMBER_OBJECT_CONVERSION = YES_AGGRESSIVE;
				CLANG_CXX_LANGUAGE_STANDARD = "gnu++14";
				CLANG_CXX_LIBRARY = "libc++";
				CLANG_ENABLE_MODULES = YES;
				CLANG_ENABLE_OBJC_ARC = YES;
				CLANG_ENABLE_OBJC_WEAK = YES;
				CLANG_WARN_BLOCK_CAPTURE_AUTORELEASING = YES;
				CLANG_WARN_BOOL_CONVERSION = YES;
				CLANG_WARN_COMMA = YES;
				CLANG_WARN_CONSTANT_CONVERSION = YES;
				CLANG_WARN_DEPRECATED_OBJC_IMPLEMENTATIONS = YES;
				CLANG_WARN_DIRECT_OBJC_ISA_USAGE = YES_ERROR;
				CLANG_WARN_DOCUMENTATION_COMMENTS = YES;
				CLANG_WARN_EMPTY_BODY = YES;
				CLANG_WARN_ENUM_CONVERSION = YES;
				CLANG_WARN_INFINITE_RECURSION = YES;
				CLANG_WARN_INT_CONVERSION = YES;
				CLANG_WARN_NON_LITERAL_NULL_CONVERSION = YES;
				CLANG_WARN_OBJC_IMPLICIT_RETAIN_SELF = YES;
				CLANG_WARN_OBJC_LITERAL_CONVERSION = YES;
				CLANG_WARN_OBJC_ROOT_CLASS = YES_ERROR;
				CLANG_WARN_QUOTED_INCLUDE_IN_FRAMEWORK_HEADER = YES;
				CLANG_WARN_RANGE_LOOP_ANALYSIS = YES;
				CLANG_WARN_STRICT_PROTOTYPES = YES;
				CLANG_WARN_SUSPICIOUS_MOVE = YES;
				CLANG_WARN_UNGUARDED_AVAILABILITY = YES_AGGRESSIVE;
				CLANG_WARN_UNREACHABLE_CODE = YES;
				CLANG_WARN__DUPLICATE_METHOD_MATCH = YES;
				COPY_PHASE_STRIP = NO;
				DEBUG_INFORMATION_FORMAT = "dwarf-with-dsym";
				ENABLE_NS_ASSERTIONS = NO;
				ENABLE_STRICT_OBJC_MSGSEND = YES;
				GCC_C_LANGUAGE_STANDARD = gnu11;
				GCC_NO_COMMON_BLOCKS = YES;
				GCC_WARN_64_TO_32_BIT_CONVERSION = YES;
				GCC_WARN_ABOUT_RETURN_TYPE = YES_ERROR;
				GCC_WARN_UNDECLARED_SELECTOR = YES;
				GCC_WARN_UNINITIALIZED_AUTOS = YES_AGGRESSIVE;
				GCC_WARN_UNUSED_FUNCTION = YES;
				GCC_WARN_UNUSED_VARIABLE = YES;
				IPHONEOS_DEPLOYMENT_TARGET = 14.5;
				MTL_ENABLE_DEBUG_INFO = NO;
				MTL_FAST_MATH = YES;
				SDKROOT = iphoneos;
				SWIFT_COMPILATION_MODE = wholemodule;
				SWIFT_OPTIMIZATION_LEVEL = "-O";
				VALIDATE_PRODUCT = YES;
			};
			name = Release;
		};
		AC95D1BA26C4E3330088D151 /* Debug */ = {
			isa = XCBuildConfiguration;
			buildSettings = {
				ASSETCATALOG_COMPILER_APPICON_NAME = AppIcon;
				ASSETCATALOG_COMPILER_GLOBAL_ACCENT_COLOR_NAME = AccentColor;
				CODE_SIGN_STYLE = Automatic;
				INFOPLIST_FILE = UnitTestingExercise/Info.plist;
				LD_RUNPATH_SEARCH_PATHS = (
					"$(inherited)",
					"@executable_path/Frameworks",
				);
				PRODUCT_BUNDLE_IDENTIFIER = com.opsolutions.UnitTestingExercise;
				PRODUCT_NAME = "$(TARGET_NAME)";
				SWIFT_VERSION = 5.0;
				TARGETED_DEVICE_FAMILY = "1,2";
			};
			name = Debug;
		};
		AC95D1BB26C4E3330088D151 /* Release */ = {
			isa = XCBuildConfiguration;
			buildSettings = {
				ASSETCATALOG_COMPILER_APPICON_NAME = AppIcon;
				ASSETCATALOG_COMPILER_GLOBAL_ACCENT_COLOR_NAME = AccentColor;
				CODE_SIGN_STYLE = Automatic;
				INFOPLIST_FILE = UnitTestingExercise/Info.plist;
				LD_RUNPATH_SEARCH_PATHS = (
					"$(inherited)",
					"@executable_path/Frameworks",
				);
				PRODUCT_BUNDLE_IDENTIFIER = com.opsolutions.UnitTestingExercise;
				PRODUCT_NAME = "$(TARGET_NAME)";
				SWIFT_VERSION = 5.0;
				TARGETED_DEVICE_FAMILY = "1,2";
			};
			name = Release;
		};
		AC95D1BD26C4E3330088D151 /* Debug */ = {
			isa = XCBuildConfiguration;
			buildSettings = {
				ALWAYS_EMBED_SWIFT_STANDARD_LIBRARIES = YES;
				BUNDLE_LOADER = "$(TEST_HOST)";
				CODE_SIGN_STYLE = Automatic;
				INFOPLIST_FILE = UnitTestingExerciseTests/Info.plist;
				IPHONEOS_DEPLOYMENT_TARGET = 14.5;
				LD_RUNPATH_SEARCH_PATHS = (
					"$(inherited)",
					"@executable_path/Frameworks",
					"@loader_path/Frameworks",
				);
				PRODUCT_BUNDLE_IDENTIFIER = com.opsolutions.UnitTestingExerciseTests;
				PRODUCT_NAME = "$(TARGET_NAME)";
				SWIFT_VERSION = 5.0;
				TARGETED_DEVICE_FAMILY = "1,2";
				TEST_HOST = "$(BUILT_PRODUCTS_DIR)/UnitTestingExercise.app/UnitTestingExercise";
			};
			name = Debug;
		};
		AC95D1BE26C4E3330088D151 /* Release */ = {
			isa = XCBuildConfiguration;
			buildSettings = {
				ALWAYS_EMBED_SWIFT_STANDARD_LIBRARIES = YES;
				BUNDLE_LOADER = "$(TEST_HOST)";
				CODE_SIGN_STYLE = Automatic;
				INFOPLIST_FILE = UnitTestingExerciseTests/Info.plist;
				IPHONEOS_DEPLOYMENT_TARGET = 14.5;
				LD_RUNPATH_SEARCH_PATHS = (
					"$(inherited)",
					"@executable_path/Frameworks",
					"@loader_path/Frameworks",
				);
				PRODUCT_BUNDLE_IDENTIFIER = com.opsolutions.UnitTestingExerciseTests;
				PRODUCT_NAME = "$(TARGET_NAME)";
				SWIFT_VERSION = 5.0;
				TARGETED_DEVICE_FAMILY = "1,2";
				TEST_HOST = "$(BUILT_PRODUCTS_DIR)/UnitTestingExercise.app/UnitTestingExercise";
			};
			name = Release;
		};
		AC95D1C026C4E3330088D151 /* Debug */ = {
			isa = XCBuildConfiguration;
			buildSettings = {
				ALWAYS_EMBED_SWIFT_STANDARD_LIBRARIES = YES;
				CODE_SIGN_STYLE = Automatic;
				INFOPLIST_FILE = UnitTestingExerciseUITests/Info.plist;
				LD_RUNPATH_SEARCH_PATHS = (
					"$(inherited)",
					"@executable_path/Frameworks",
					"@loader_path/Frameworks",
				);
				PRODUCT_BUNDLE_IDENTIFIER = com.opsolutions.UnitTestingExerciseUITests;
				PRODUCT_NAME = "$(TARGET_NAME)";
				SWIFT_VERSION = 5.0;
				TARGETED_DEVICE_FAMILY = "1,2";
				TEST_TARGET_NAME = UnitTestingExercise;
			};
			name = Debug;
		};
		AC95D1C126C4E3330088D151 /* Release */ = {
			isa = XCBuildConfiguration;
			buildSettings = {
				ALWAYS_EMBED_SWIFT_STANDARD_LIBRARIES = YES;
				CODE_SIGN_STYLE = Automatic;
				INFOPLIST_FILE = UnitTestingExerciseUITests/Info.plist;
				LD_RUNPATH_SEARCH_PATHS = (
					"$(inherited)",
					"@executable_path/Frameworks",
					"@loader_path/Frameworks",
				);
				PRODUCT_BUNDLE_IDENTIFIER = com.opsolutions.UnitTestingExerciseUITests;
				PRODUCT_NAME = "$(TARGET_NAME)";
				SWIFT_VERSION = 5.0;
				TARGETED_DEVICE_FAMILY = "1,2";
				TEST_TARGET_NAME = UnitTestingExercise;
			};
			name = Release;
		};
		AC95D1E426C4F29D0088D151 /* Debug */ = {
			isa = XCBuildConfiguration;
			buildSettings = {
				CODE_SIGN_STYLE = Automatic;
				CURRENT_PROJECT_VERSION = 1;
				DEFINES_MODULE = YES;
				DYLIB_COMPATIBILITY_VERSION = 1;
				DYLIB_CURRENT_VERSION = 1;
				DYLIB_INSTALL_NAME_BASE = "@rpath";
				INFOPLIST_FILE = ClassifierKit/Info.plist;
				INSTALL_PATH = "$(LOCAL_LIBRARY_DIR)/Frameworks";
				LD_RUNPATH_SEARCH_PATHS = (
					"$(inherited)",
					"@executable_path/Frameworks",
					"@loader_path/Frameworks",
				);
				PRODUCT_BUNDLE_IDENTIFIER = com.opsolutions.ClassifierKit;
				PRODUCT_NAME = "$(TARGET_NAME:c99extidentifier)";
				SKIP_INSTALL = YES;
				SWIFT_VERSION = 5.0;
				TARGETED_DEVICE_FAMILY = "1,2";
				VERSIONING_SYSTEM = "apple-generic";
				VERSION_INFO_PREFIX = "";
			};
			name = Debug;
		};
		AC95D1E526C4F29D0088D151 /* Release */ = {
			isa = XCBuildConfiguration;
			buildSettings = {
				CODE_SIGN_STYLE = Automatic;
				CURRENT_PROJECT_VERSION = 1;
				DEFINES_MODULE = YES;
				DYLIB_COMPATIBILITY_VERSION = 1;
				DYLIB_CURRENT_VERSION = 1;
				DYLIB_INSTALL_NAME_BASE = "@rpath";
				INFOPLIST_FILE = ClassifierKit/Info.plist;
				INSTALL_PATH = "$(LOCAL_LIBRARY_DIR)/Frameworks";
				LD_RUNPATH_SEARCH_PATHS = (
					"$(inherited)",
					"@executable_path/Frameworks",
					"@loader_path/Frameworks",
				);
				PRODUCT_BUNDLE_IDENTIFIER = com.opsolutions.ClassifierKit;
				PRODUCT_NAME = "$(TARGET_NAME:c99extidentifier)";
				SKIP_INSTALL = YES;
				SWIFT_VERSION = 5.0;
				TARGETED_DEVICE_FAMILY = "1,2";
				VERSIONING_SYSTEM = "apple-generic";
				VERSION_INFO_PREFIX = "";
			};
			name = Release;
		};
		AC95D1E826C4F29D0088D151 /* Debug */ = {
			isa = XCBuildConfiguration;
			buildSettings = {
				ALWAYS_EMBED_SWIFT_STANDARD_LIBRARIES = YES;
				CODE_SIGN_STYLE = Automatic;
				INFOPLIST_FILE = ClassifierKitTests/Info.plist;
				LD_RUNPATH_SEARCH_PATHS = (
					"$(inherited)",
					"@executable_path/Frameworks",
					"@loader_path/Frameworks",
				);
				PRODUCT_BUNDLE_IDENTIFIER = com.opsolutions.ClassifierKitTests;
				PRODUCT_NAME = "$(TARGET_NAME)";
				SWIFT_VERSION = 5.0;
				TARGETED_DEVICE_FAMILY = "1,2";
				TEST_HOST = "$(BUILT_PRODUCTS_DIR)/UnitTestingExercise.app/UnitTestingExercise";
			};
			name = Debug;
		};
		AC95D1E926C4F29D0088D151 /* Release */ = {
			isa = XCBuildConfiguration;
			buildSettings = {
				ALWAYS_EMBED_SWIFT_STANDARD_LIBRARIES = YES;
				CODE_SIGN_STYLE = Automatic;
				INFOPLIST_FILE = ClassifierKitTests/Info.plist;
				LD_RUNPATH_SEARCH_PATHS = (
					"$(inherited)",
					"@executable_path/Frameworks",
					"@loader_path/Frameworks",
				);
				PRODUCT_BUNDLE_IDENTIFIER = com.opsolutions.ClassifierKitTests;
				PRODUCT_NAME = "$(TARGET_NAME)";
				SWIFT_VERSION = 5.0;
				TARGETED_DEVICE_FAMILY = "1,2";
				TEST_HOST = "$(BUILT_PRODUCTS_DIR)/UnitTestingExercise.app/UnitTestingExercise";
			};
			name = Release;
		};
/* End XCBuildConfiguration section */

/* Begin XCConfigurationList section */
		AC95D18A26C4E32D0088D151 /* Build configuration list for PBXProject "UnitTestingExercise" */ = {
			isa = XCConfigurationList;
			buildConfigurations = (
				AC95D1B726C4E3330088D151 /* Debug */,
				AC95D1B826C4E3330088D151 /* Release */,
			);
			defaultConfigurationIsVisible = 0;
			defaultConfigurationName = Release;
		};
		AC95D1B926C4E3330088D151 /* Build configuration list for PBXNativeTarget "UnitTestingExercise" */ = {
			isa = XCConfigurationList;
			buildConfigurations = (
				AC95D1BA26C4E3330088D151 /* Debug */,
				AC95D1BB26C4E3330088D151 /* Release */,
			);
			defaultConfigurationIsVisible = 0;
			defaultConfigurationName = Release;
		};
		AC95D1BC26C4E3330088D151 /* Build configuration list for PBXNativeTarget "UnitTestingExerciseTests" */ = {
			isa = XCConfigurationList;
			buildConfigurations = (
				AC95D1BD26C4E3330088D151 /* Debug */,
				AC95D1BE26C4E3330088D151 /* Release */,
			);
			defaultConfigurationIsVisible = 0;
			defaultConfigurationName = Release;
		};
		AC95D1BF26C4E3330088D151 /* Build configuration list for PBXNativeTarget "UnitTestingExerciseUITests" */ = {
			isa = XCConfigurationList;
			buildConfigurations = (
				AC95D1C026C4E3330088D151 /* Debug */,
				AC95D1C126C4E3330088D151 /* Release */,
			);
			defaultConfigurationIsVisible = 0;
			defaultConfigurationName = Release;
		};
		AC95D1E326C4F29D0088D151 /* Build configuration list for PBXNativeTarget "ClassifierKit" */ = {
			isa = XCConfigurationList;
			buildConfigurations = (
				AC95D1E426C4F29D0088D151 /* Debug */,
				AC95D1E526C4F29D0088D151 /* Release */,
			);
			defaultConfigurationIsVisible = 0;
			defaultConfigurationName = Release;
		};
		AC95D1E726C4F29D0088D151 /* Build configuration list for PBXNativeTarget "ClassifierKitTests" */ = {
			isa = XCConfigurationList;
			buildConfigurations = (
				AC95D1E826C4F29D0088D151 /* Debug */,
				AC95D1E926C4F29D0088D151 /* Release */,
			);
			defaultConfigurationIsVisible = 0;
			defaultConfigurationName = Release;
		};
/* End XCConfigurationList section */
	};
	rootObject = AC95D18726C4E32D0088D151 /* Project object */;
}
