// !$*UTF8*$!
{
	archiveVersion = 1;
	classes = {
	};
	objectVersion = 50;
	objects = {

/* Begin PBXBuildFile section */
		ACF8ED0426C35E8300A9621E /* AppDelegate.swift in Sources */ = {isa = PBXBuildFile; fileRef = ACF8ED0326C35E8300A9621E /* AppDelegate.swift */; };
		ACF8ED0626C35E8300A9621E /* SceneDelegate.swift in Sources */ = {isa = PBXBuildFile; fileRef = ACF8ED0526C35E8300A9621E /* SceneDelegate.swift */; };
		ACF8ED0826C35E8300A9621E /* GalleryViewController.swift in Sources */ = {isa = PBXBuildFile; fileRef = ACF8ED0726C35E8300A9621E /* GalleryViewController.swift */; };
		ACF8ED0B26C35E8300A9621E /* Main.storyboard in Resources */ = {isa = PBXBuildFile; fileRef = ACF8ED0926C35E8300A9621E /* Main.storyboard */; };
		ACF8ED0E26C35E8300A9621E /* AppDemonstration.xcdatamodeld in Sources */ = {isa = PBXBuildFile; fileRef = ACF8ED0C26C35E8300A9621E /* AppDemonstration.xcdatamodeld */; };
		ACF8ED1026C35E8500A9621E /* Assets.xcassets in Resources */ = {isa = PBXBuildFile; fileRef = ACF8ED0F26C35E8500A9621E /* Assets.xcassets */; };
		ACF8ED1326C35E8500A9621E /* LaunchScreen.storyboard in Resources */ = {isa = PBXBuildFile; fileRef = ACF8ED1126C35E8500A9621E /* LaunchScreen.storyboard */; };
		ACF8ED1D26C360AD00A9621E /* GalleryImageViewController.swift in Sources */ = {isa = PBXBuildFile; fileRef = ACF8ED1C26C360AD00A9621E /* GalleryImageViewController.swift */; };
		ACF8ED1F26C3619500A9621E /* PreferencesViewController.swift in Sources */ = {isa = PBXBuildFile; fileRef = ACF8ED1E26C3619500A9621E /* PreferencesViewController.swift */; };
		ACF8ED2126C362D900A9621E /* PreferencesSettingsViewController.swift in Sources */ = {isa = PBXBuildFile; fileRef = ACF8ED2026C362D900A9621E /* PreferencesSettingsViewController.swift */; };
/* End PBXBuildFile section */

/* Begin PBXFileReference section */
		ACF8ED0026C35E8300A9621E /* AppDemonstration.app */ = {isa = PBXFileReference; explicitFileType = wrapper.application; includeInIndex = 0; path = AppDemonstration.app; sourceTree = BUILT_PRODUCTS_DIR; };
		ACF8ED0326C35E8300A9621E /* AppDelegate.swift */ = {isa = PBXFileReference; lastKnownFileType = sourcecode.swift; path = AppDelegate.swift; sourceTree = "<group>"; };
		ACF8ED0526C35E8300A9621E /* SceneDelegate.swift */ = {isa = PBXFileReference; lastKnownFileType = sourcecode.swift; path = SceneDelegate.swift; sourceTree = "<group>"; };
		ACF8ED0726C35E8300A9621E /* GalleryViewController.swift */ = {isa = PBXFileReference; lastKnownFileType = sourcecode.swift; path = GalleryViewController.swift; sourceTree = "<group>"; };
		ACF8ED0A26C35E8300A9621E /* Base */ = {isa = PBXFileReference; lastKnownFileType = file.storyboard; name = Base; path = Base.lproj/Main.storyboard; sourceTree = "<group>"; };
		ACF8ED0D26C35E8300A9621E /* AppDemonstration.xcdatamodel */ = {isa = PBXFileReference; lastKnownFileType = wrapper.xcdatamodel; path = AppDemonstration.xcdatamodel; sourceTree = "<group>"; };
		ACF8ED0F26C35E8500A9621E /* Assets.xcassets */ = {isa = PBXFileReference; lastKnownFileType = folder.assetcatalog; path = Assets.xcassets; sourceTree = "<group>"; };
		ACF8ED1226C35E8500A9621E /* Base */ = {isa = PBXFileReference; lastKnownFileType = file.storyboard; name = Base; path = Base.lproj/LaunchScreen.storyboard; sourceTree = "<group>"; };
		ACF8ED1426C35E8500A9621E /* Info.plist */ = {isa = PBXFileReference; lastKnownFileType = text.plist.xml; path = Info.plist; sourceTree = "<group>"; };
		ACF8ED1C26C360AD00A9621E /* GalleryImageViewController.swift */ = {isa = PBXFileReference; lastKnownFileType = sourcecode.swift; path = GalleryImageViewController.swift; sourceTree = "<group>"; };
		ACF8ED1E26C3619500A9621E /* PreferencesViewController.swift */ = {isa = PBXFileReference; lastKnownFileType = sourcecode.swift; path = PreferencesViewController.swift; sourceTree = "<group>"; };
		ACF8ED2026C362D900A9621E /* PreferencesSettingsViewController.swift */ = {isa = PBXFileReference; lastKnownFileType = sourcecode.swift; path = PreferencesSettingsViewController.swift; sourceTree = "<group>"; };
/* End PBXFileReference section */

/* Begin PBXFrameworksBuildPhase section */
		ACF8ECFD26C35E8300A9621E /* Frameworks */ = {
			isa = PBXFrameworksBuildPhase;
			buildActionMask = 2147483647;
			files = (
			);
			runOnlyForDeploymentPostprocessing = 0;
		};
/* End PBXFrameworksBuildPhase section */

/* Begin PBXGroup section */
		ACF8ECF726C35E8300A9621E = {
			isa = PBXGroup;
			children = (
				ACF8ED0226C35E8300A9621E /* AppDemonstration */,
				ACF8ED0126C35E8300A9621E /* Products */,
			);
			sourceTree = "<group>";
		};
		ACF8ED0126C35E8300A9621E /* Products */ = {
			isa = PBXGroup;
			children = (
				ACF8ED0026C35E8300A9621E /* AppDemonstration.app */,
			);
			name = Products;
			sourceTree = "<group>";
		};
		ACF8ED0226C35E8300A9621E /* AppDemonstration */ = {
			isa = PBXGroup;
			children = (
				ACF8ED0326C35E8300A9621E /* AppDelegate.swift */,
				ACF8ED0526C35E8300A9621E /* SceneDelegate.swift */,
				ACF8ED0726C35E8300A9621E /* GalleryViewController.swift */,
				ACF8ED1C26C360AD00A9621E /* GalleryImageViewController.swift */,
				ACF8ED0926C35E8300A9621E /* Main.storyboard */,
				ACF8ED2026C362D900A9621E /* PreferencesSettingsViewController.swift */,
				ACF8ED1E26C3619500A9621E /* PreferencesViewController.swift */,
				ACF8ED0F26C35E8500A9621E /* Assets.xcassets */,
				ACF8ED1126C35E8500A9621E /* LaunchScreen.storyboard */,
				ACF8ED1426C35E8500A9621E /* Info.plist */,
				ACF8ED0C26C35E8300A9621E /* AppDemonstration.xcdatamodeld */,
			);
			path = AppDemonstration;
			sourceTree = "<group>";
		};
/* End PBXGroup section */

/* Begin PBXNativeTarget section */
		ACF8ECFF26C35E8300A9621E /* AppDemonstration */ = {
			isa = PBXNativeTarget;
			buildConfigurationList = ACF8ED1726C35E8500A9621E /* Build configuration list for PBXNativeTarget "AppDemonstration" */;
			buildPhases = (
				ACF8ECFC26C35E8300A9621E /* Sources */,
				ACF8ECFD26C35E8300A9621E /* Frameworks */,
				ACF8ECFE26C35E8300A9621E /* Resources */,
			);
			buildRules = (
			);
			dependencies = (
			);
			name = AppDemonstration;
			productName = AppDemonstration;
			productReference = ACF8ED0026C35E8300A9621E /* AppDemonstration.app */;
			productType = "com.apple.product-type.application";
		};
/* End PBXNativeTarget section */

/* Begin PBXProject section */
		ACF8ECF826C35E8300A9621E /* Project object */ = {
			isa = PBXProject;
			attributes = {
				LastSwiftUpdateCheck = 1250;
				LastUpgradeCheck = 1250;
				TargetAttributes = {
					ACF8ECFF26C35E8300A9621E = {
						CreatedOnToolsVersion = 12.5.1;
					};
				};
			};
			buildConfigurationList = ACF8ECFB26C35E8300A9621E /* Build configuration list for PBXProject "AppDemonstration" */;
			compatibilityVersion = "Xcode 9.3";
			developmentRegion = en;
			hasScannedForEncodings = 0;
			knownRegions = (
				en,
				Base,
			);
			mainGroup = ACF8ECF726C35E8300A9621E;
			productRefGroup = ACF8ED0126C35E8300A9621E /* Products */;
			projectDirPath = "";
			projectRoot = "";
			targets = (
				ACF8ECFF26C35E8300A9621E /* AppDemonstration */,
			);
		};
/* End PBXProject section */

/* Begin PBXResourcesBuildPhase section */
		ACF8ECFE26C35E8300A9621E /* Resources */ = {
			isa = PBXResourcesBuildPhase;
			buildActionMask = 2147483647;
			files = (
				ACF8ED1326C35E8500A9621E /* LaunchScreen.storyboard in Resources */,
				ACF8ED1026C35E8500A9621E /* Assets.xcassets in Resources */,
				ACF8ED0B26C35E8300A9621E /* Main.storyboard in Resources */,
			);
			runOnlyForDeploymentPostprocessing = 0;
		};
/* End PBXResourcesBuildPhase section */

/* Begin PBXSourcesBuildPhase section */
		ACF8ECFC26C35E8300A9621E /* Sources */ = {
			isa = PBXSourcesBuildPhase;
			buildActionMask = 2147483647;
			files = (
				ACF8ED0826C35E8300A9621E /* GalleryViewController.swift in Sources */,
				ACF8ED0E26C35E8300A9621E /* AppDemonstration.xcdatamodeld in Sources */,
				ACF8ED1D26C360AD00A9621E /* GalleryImageViewController.swift in Sources */,
				ACF8ED0426C35E8300A9621E /* AppDelegate.swift in Sources */,
				ACF8ED0626C35E8300A9621E /* SceneDelegate.swift in Sources */,
				ACF8ED2126C362D900A9621E /* PreferencesSettingsViewController.swift in Sources */,
				ACF8ED1F26C3619500A9621E /* PreferencesViewController.swift in Sources */,
			);
			runOnlyForDeploymentPostprocessing = 0;
		};
/* End PBXSourcesBuildPhase section */

/* Begin PBXVariantGroup section */
		ACF8ED0926C35E8300A9621E /* Main.storyboard */ = {
			isa = PBXVariantGroup;
			children = (
				ACF8ED0A26C35E8300A9621E /* Base */,
			);
			name = Main.storyboard;
			sourceTree = "<group>";
		};
		ACF8ED1126C35E8500A9621E /* LaunchScreen.storyboard */ = {
			isa = PBXVariantGroup;
			children = (
				ACF8ED1226C35E8500A9621E /* Base */,
			);
			name = LaunchScreen.storyboard;
			sourceTree = "<group>";
		};
/* End PBXVariantGroup section */

/* Begin XCBuildConfiguration section */
		ACF8ED1526C35E8500A9621E /* Debug */ = {
			isa = XCBuildConfiguration;
			buildSettings = {
				ALWAYS_SEARCH_USER_PATHS = NO;
				CLANG_ANALYZER_NONNULL = YES;
				CLANG_ANALYZER_NUMBER_OBJECT_CONVERSION = YES_AGGRESSIVE;
				CLANG_CXX_LANGUAGE_STANDARD = "gnu++14";
				CLANG_CXX_LIBRARY = "libc++";
				CLANG_ENABLE_MODULES = YES;
				CLANG_ENABLE_OBJC_ARC = YES;
				CLANG_ENABLE_OBJC_WEAK = YES;
				CLANG_WARN_BLOCK_CAPTURE_AUTORELEASING = YES;
				CLANG_WARN_BOOL_CONVERSION = YES;
				CLANG_WARN_COMMA = YES;
				CLANG_WARN_CONSTANT_CONVERSION = YES;
				CLANG_WARN_DEPRECATED_OBJC_IMPLEMENTATIONS = YES;
				CLANG_WARN_DIRECT_OBJC_ISA_USAGE = YES_ERROR;
				CLANG_WARN_DOCUMENTATION_COMMENTS = YES;
				CLANG_WARN_EMPTY_BODY = YES;
				CLANG_WARN_ENUM_CONVERSION = YES;
				CLANG_WARN_INFINITE_RECURSION = YES;
				CLANG_WARN_INT_CONVERSION = YES;
				CLANG_WARN_NON_LITERAL_NULL_CONVERSION = YES;
				CLANG_WARN_OBJC_IMPLICIT_RETAIN_SELF = YES;
				CLANG_WARN_OBJC_LITERAL_CONVERSION = YES;
				CLANG_WARN_OBJC_ROOT_CLASS = YES_ERROR;
				CLANG_WARN_QUOTED_INCLUDE_IN_FRAMEWORK_HEADER = YES;
				CLANG_WARN_RANGE_LOOP_ANALYSIS = YES;
				CLANG_WARN_STRICT_PROTOTYPES = YES;
				CLANG_WARN_SUSPICIOUS_MOVE = YES;
				CLANG_WARN_UNGUARDED_AVAILABILITY = YES_AGGRESSIVE;
				CLANG_WARN_UNREACHABLE_CODE = YES;
				CLANG_WARN__DUPLICATE_METHOD_MATCH = YES;
				COPY_PHASE_STRIP = NO;
				DEBUG_INFORMATION_FORMAT = dwarf;
				ENABLE_STRICT_OBJC_MSGSEND = YES;
				ENABLE_TESTABILITY = YES;
				GCC_C_LANGUAGE_STANDARD = gnu11;
				GCC_DYNAMIC_NO_PIC = NO;
				GCC_NO_COMMON_BLOCKS = YES;
				GCC_OPTIMIZATION_LEVEL = 0;
				GCC_PREPROCESSOR_DEFINITIONS = (
					"DEBUG=1",
					"$(inherited)",
				);
				GCC_WARN_64_TO_32_BIT_CONVERSION = YES;
				GCC_WARN_ABOUT_RETURN_TYPE = YES_ERROR;
				GCC_WARN_UNDECLARED_SELECTOR = YES;
				GCC_WARN_UNINITIALIZED_AUTOS = YES_AGGRESSIVE;
				GCC_WARN_UNUSED_FUNCTION = YES;
				GCC_WARN_UNUSED_VARIABLE = YES;
				IPHONEOS_DEPLOYMENT_TARGET = 14.5;
				MTL_ENABLE_DEBUG_INFO = INCLUDE_SOURCE;
				MTL_FAST_MATH = YES;
				ONLY_ACTIVE_ARCH = YES;
				SDKROOT = iphoneos;
				SWIFT_ACTIVE_COMPILATION_CONDITIONS = DEBUG;
				SWIFT_OPTIMIZATION_LEVEL = "-Onone";
			};
			name = Debug;
		};
		ACF8ED1626C35E8500A9621E /* Release */ = {
			isa = XCBuildConfiguration;
			buildSettings = {
				ALWAYS_SEARCH_USER_PATHS = NO;
				CLANG_ANALYZER_NONNULL = YES;
				CLANG_ANALYZER_NUMBER_OBJECT_CONVERSION = YES_AGGRESSIVE;
				CLANG_CXX_LANGUAGE_STANDARD = "gnu++14";
				CLANG_CXX_LIBRARY = "libc++";
				CLANG_ENABLE_MODULES = YES;
				CLANG_ENABLE_OBJC_ARC = YES;
				CLANG_ENABLE_OBJC_WEAK = YES;
				CLANG_WARN_BLOCK_CAPTURE_AUTORELEASING = YES;
				CLANG_WARN_BOOL_CONVERSION = YES;
				CLANG_WARN_COMMA = YES;
				CLANG_WARN_CONSTANT_CONVERSION = YES;
				CLANG_WARN_DEPRECATED_OBJC_IMPLEMENTATIONS = YES;
				CLANG_WARN_DIRECT_OBJC_ISA_USAGE = YES_ERROR;
				CLANG_WARN_DOCUMENTATION_COMMENTS = YES;
				CLANG_WARN_EMPTY_BODY = YES;
				CLANG_WARN_ENUM_CONVERSION = YES;
				CLANG_WARN_INFINITE_RECURSION = YES;
				CLANG_WARN_INT_CONVERSION = YES;
				CLANG_WARN_NON_LITERAL_NULL_CONVERSION = YES;
				CLANG_WARN_OBJC_IMPLICIT_RETAIN_SELF = YES;
				CLANG_WARN_OBJC_LITERAL_CONVERSION = YES;
				CLANG_WARN_OBJC_ROOT_CLASS = YES_ERROR;
				CLANG_WARN_QUOTED_INCLUDE_IN_FRAMEWORK_HEADER = YES;
				CLANG_WARN_RANGE_LOOP_ANALYSIS = YES;
				CLANG_WARN_STRICT_PROTOTYPES = YES;
				CLANG_WARN_SUSPICIOUS_MOVE = YES;
				CLANG_WARN_UNGUARDED_AVAILABILITY = YES_AGGRESSIVE;
				CLANG_WARN_UNREACHABLE_CODE = YES;
				CLANG_WARN__DUPLICATE_METHOD_MATCH = YES;
				COPY_PHASE_STRIP = NO;
				DEBUG_INFORMATION_FORMAT = "dwarf-with-dsym";
				ENABLE_NS_ASSERTIONS = NO;
				ENABLE_STRICT_OBJC_MSGSEND = YES;
				GCC_C_LANGUAGE_STANDARD = gnu11;
				GCC_NO_COMMON_BLOCKS = YES;
				GCC_WARN_64_TO_32_BIT_CONVERSION = YES;
				GCC_WARN_ABOUT_RETURN_TYPE = YES_ERROR;
				GCC_WARN_UNDECLARED_SELECTOR = YES;
				GCC_WARN_UNINITIALIZED_AUTOS = YES_AGGRESSIVE;
				GCC_WARN_UNUSED_FUNCTION = YES;
				GCC_WARN_UNUSED_VARIABLE = YES;
				IPHONEOS_DEPLOYMENT_TARGET = 14.5;
				MTL_ENABLE_DEBUG_INFO = NO;
				MTL_FAST_MATH = YES;
				SDKROOT = iphoneos;
				SWIFT_COMPILATION_MODE = wholemodule;
				SWIFT_OPTIMIZATION_LEVEL = "-O";
				VALIDATE_PRODUCT = YES;
			};
			name = Release;
		};
		ACF8ED1826C35E8500A9621E /* Debug */ = {
			isa = XCBuildConfiguration;
			buildSettings = {
				ASSETCATALOG_COMPILER_APPICON_NAME = AppIcon;
				ASSETCATALOG_COMPILER_GLOBAL_ACCENT_COLOR_NAME = AccentColor;
				CODE_SIGN_STYLE = Automatic;
				INFOPLIST_FILE = AppDemonstration/Info.plist;
				LD_RUNPATH_SEARCH_PATHS = (
					"$(inherited)",
					"@executable_path/Frameworks",
				);
				PRODUCT_BUNDLE_IDENTIFIER = com.opsolutions.AppDemonstration;
				PRODUCT_NAME = "$(TARGET_NAME)";
				SWIFT_VERSION = 5.0;
				TARGETED_DEVICE_FAMILY = "1,2";
			};
			name = Debug;
		};
		ACF8ED1926C35E8500A9621E /* Release */ = {
			isa = XCBuildConfiguration;
			buildSettings = {
				ASSETCATALOG_COMPILER_APPICON_NAME = AppIcon;
				ASSETCATALOG_COMPILER_GLOBAL_ACCENT_COLOR_NAME = AccentColor;
				CODE_SIGN_STYLE = Automatic;
				INFOPLIST_FILE = AppDemonstration/Info.plist;
				LD_RUNPATH_SEARCH_PATHS = (
					"$(inherited)",
					"@executable_path/Frameworks",
				);
				PRODUCT_BUNDLE_IDENTIFIER = com.opsolutions.AppDemonstration;
				PRODUCT_NAME = "$(TARGET_NAME)";
				SWIFT_VERSION = 5.0;
				TARGETED_DEVICE_FAMILY = "1,2";
			};
			name = Release;
		};
/* End XCBuildConfiguration section */

/* Begin XCConfigurationList section */
		ACF8ECFB26C35E8300A9621E /* Build configuration list for PBXProject "AppDemonstration" */ = {
			isa = XCConfigurationList;
			buildConfigurations = (
				ACF8ED1526C35E8500A9621E /* Debug */,
				ACF8ED1626C35E8500A9621E /* Release */,
			);
			defaultConfigurationIsVisible = 0;
			defaultConfigurationName = Release;
		};
		ACF8ED1726C35E8500A9621E /* Build configuration list for PBXNativeTarget "AppDemonstration" */ = {
			isa = XCConfigurationList;
			buildConfigurations = (
				ACF8ED1826C35E8500A9621E /* Debug */,
				ACF8ED1926C35E8500A9621E /* Release */,
			);
			defaultConfigurationIsVisible = 0;
			defaultConfigurationName = Release;
		};
/* End XCConfigurationList section */

/* Begin XCVersionGroup section */
		ACF8ED0C26C35E8300A9621E /* AppDemonstration.xcdatamodeld */ = {
			isa = XCVersionGroup;
			children = (
				ACF8ED0D26C35E8300A9621E /* AppDemonstration.xcdatamodel */,
			);
			currentVersion = ACF8ED0D26C35E8300A9621E /* AppDemonstration.xcdatamodel */;
			path = AppDemonstration.xcdatamodeld;
			sourceTree = "<group>";
			versionGroupType = wrapper.xcdatamodel;
		};
/* End XCVersionGroup section */
	};
	rootObject = ACF8ECF826C35E8300A9621E /* Project object */;
}
